// !$*UTF8*$!
{
	archiveVersion = 1;
	classes = {
	};
	objectVersion = 46;
	objects = {

/* Begin PBXBuildFile section */
		3B0450A81AEE1E8200710294 /* ChoiceMorePickVC.m in Sources */ = {isa = PBXBuildFile; fileRef = 3B0450A71AEE1E8200710294 /* ChoiceMorePickVC.m */; };
		3B0450C11AEE222800710294 /* XYLXIPickerVC.m in Sources */ = {isa = PBXBuildFile; fileRef = 3B0450C01AEE222800710294 /* XYLXIPickerVC.m */; };
		3B0450C41AEE239900710294 /* XYLXIPickerNavVC.m in Sources */ = {isa = PBXBuildFile; fileRef = 3B0450C31AEE239900710294 /* XYLXIPickerNavVC.m */; };
		3B0450C71AEE251100710294 /* XYLXIAsset.m in Sources */ = {isa = PBXBuildFile; fileRef = 3B0450C61AEE251100710294 /* XYLXIAsset.m */; };
		3B0450CA1AEE26AA00710294 /* Overlay.png in Resources */ = {isa = PBXBuildFile; fileRef = 3B0450C81AEE26AA00710294 /* Overlay.png */; };
		3B0450CB1AEE26AA00710294 /* Overlay@2x.png in Resources */ = {isa = PBXBuildFile; fileRef = 3B0450C91AEE26AA00710294 /* Overlay@2x.png */; };
		3B0450CE1AEE2C3700710294 /* XYLXIAssetVC.m in Sources */ = {isa = PBXBuildFile; fileRef = 3B0450CD1AEE2C3700710294 /* XYLXIAssetVC.m */; };
		3B0450D11AEE314800710294 /* XYLXIAssetCell.m in Sources */ = {isa = PBXBuildFile; fileRef = 3B0450D01AEE314800710294 /* XYLXIAssetCell.m */; };
		3B3815EC1AE8C73B0004C306 /* main.m in Sources */ = {isa = PBXBuildFile; fileRef = 3B3815EB1AE8C73B0004C306 /* main.m */; };
		3B3815EF1AE8C73B0004C306 /* AppDelegate.m in Sources */ = {isa = PBXBuildFile; fileRef = 3B3815EE1AE8C73B0004C306 /* AppDelegate.m */; };
		3B3815F51AE8C73B0004C306 /* Main.storyboard in Resources */ = {isa = PBXBuildFile; fileRef = 3B3815F31AE8C73B0004C306 /* Main.storyboard */; };
		3B3815F71AE8C73B0004C306 /* Images.xcassets in Resources */ = {isa = PBXBuildFile; fileRef = 3B3815F61AE8C73B0004C306 /* Images.xcassets */; };
		3B3815FA1AE8C73B0004C306 /* LaunchScreen.xib in Resources */ = {isa = PBXBuildFile; fileRef = 3B3815F81AE8C73B0004C306 /* LaunchScreen.xib */; };
		3B3816061AE8C73B0004C306 /* AboutUITests.m in Sources */ = {isa = PBXBuildFile; fileRef = 3B3816051AE8C73B0004C306 /* AboutUITests.m */; };
		3B3816141AE8C7D80004C306 /* tableController.m in Sources */ = {isa = PBXBuildFile; fileRef = 3B3816131AE8C7D80004C306 /* tableController.m */; };
		3B3816171AE8C96B0004C306 /* UITextFieldVC.m in Sources */ = {isa = PBXBuildFile; fileRef = 3B3816161AE8C96B0004C306 /* UITextFieldVC.m */; };
		3B38161A1AE8CB3B0004C306 /* CustomTextField.m in Sources */ = {isa = PBXBuildFile; fileRef = 3B3816191AE8CB3B0004C306 /* CustomTextField.m */; };
		3B38161E1AE8D54D0004C306 /* NavVC.m in Sources */ = {isa = PBXBuildFile; fileRef = 3B38161D1AE8D54D0004C306 /* NavVC.m */; };
		3B7211AA1B00E22200EE31CC /* AWCollectionViewDialLayout.m in Sources */ = {isa = PBXBuildFile; fileRef = 3B7211A91B00E22200EE31CC /* AWCollectionViewDialLayout.m */; };
		3B7211AD1B00E25B00EE31CC /* CustomLayoutViewController.m in Sources */ = {isa = PBXBuildFile; fileRef = 3B7211AC1B00E25B00EE31CC /* CustomLayoutViewController.m */; };
		3B7211AF1B00E26100EE31CC /* Main_iPhone.storyboard in Resources */ = {isa = PBXBuildFile; fileRef = 3B7211AE1B00E26100EE31CC /* Main_iPhone.storyboard */; };
		3B7211B21B00E32400EE31CC /* dialCell.xib in Resources */ = {isa = PBXBuildFile; fileRef = 3B7211B01B00E32400EE31CC /* dialCell.xib */; };
		3B7211B31B00E32400EE31CC /* dialCell2.xib in Resources */ = {isa = PBXBuildFile; fileRef = 3B7211B11B00E32400EE31CC /* dialCell2.xib */; };
		3B7211B51B00E34300EE31CC /* players.json in Resources */ = {isa = PBXBuildFile; fileRef = 3B7211B41B00E34300EE31CC /* players.json */; };
		3B7211C01B00E36000EE31CC /* awcollectionviewdiallayout_1.jpg in Resources */ = {isa = PBXBuildFile; fileRef = 3B7211B71B00E36000EE31CC /* awcollectionviewdiallayout_1.jpg */; };
		3B7211C11B00E36000EE31CC /* awcollectionviewdiallayout_2.jpg in Resources */ = {isa = PBXBuildFile; fileRef = 3B7211B81B00E36000EE31CC /* awcollectionviewdiallayout_2.jpg */; };
		3B7211C21B00E36000EE31CC /* carmelo_anthony.png in Resources */ = {isa = PBXBuildFile; fileRef = 3B7211B91B00E36000EE31CC /* carmelo_anthony.png */; };
		3B7211C31B00E36000EE31CC /* dwayne_wade.png in Resources */ = {isa = PBXBuildFile; fileRef = 3B7211BA1B00E36000EE31CC /* dwayne_wade.png */; };
		3B7211C41B00E36000EE31CC /* james_harden.png in Resources */ = {isa = PBXBuildFile; fileRef = 3B7211BB1B00E36000EE31CC /* james_harden.png */; };
		3B7211C51B00E36000EE31CC /* kevin_durant.png in Resources */ = {isa = PBXBuildFile; fileRef = 3B7211BC1B00E36000EE31CC /* kevin_durant.png */; };
		3B7211C61B00E36000EE31CC /* kyrie_irving.png in Resources */ = {isa = PBXBuildFile; fileRef = 3B7211BD1B00E36000EE31CC /* kyrie_irving.png */; };
		3B7211C71B00E36000EE31CC /* lebron_james.png in Resources */ = {isa = PBXBuildFile; fileRef = 3B7211BE1B00E36000EE31CC /* lebron_james.png */; };
		3B7211C81B00E36000EE31CC /* paul_george.png in Resources */ = {isa = PBXBuildFile; fileRef = 3B7211BF1B00E36000EE31CC /* paul_george.png */; };
		3B7211CA1B00E39900EE31CC /* iphone_settings_view.xib in Resources */ = {isa = PBXBuildFile; fileRef = 3B7211C91B00E39900EE31CC /* iphone_settings_view.xib */; };
		3B91A87A1AECA1410001AC81 /* ViewController.m in Sources */ = {isa = PBXBuildFile; fileRef = 3B91A8751AECA1410001AC81 /* ViewController.m */; };
		3B91A87B1AECA1410001AC81 /* YLCheckToUnlockViewController.m in Sources */ = {isa = PBXBuildFile; fileRef = 3B91A8771AECA1410001AC81 /* YLCheckToUnlockViewController.m */; };
		3B91A87C1AECA1410001AC81 /* YLInitSwipePasswordController.m in Sources */ = {isa = PBXBuildFile; fileRef = 3B91A8791AECA1410001AC81 /* YLInitSwipePasswordController.m */; };
		3B91A8821AECA1650001AC81 /* YLSwipeLockNodeView.m in Sources */ = {isa = PBXBuildFile; fileRef = 3B91A87F1AECA1650001AC81 /* YLSwipeLockNodeView.m */; };
		3B91A8831AECA1650001AC81 /* YLSwipeLockView.m in Sources */ = {isa = PBXBuildFile; fileRef = 3B91A8811AECA1650001AC81 /* YLSwipeLockView.m */; };
/* End PBXBuildFile section */

/* Begin PBXContainerItemProxy section */
		3B3816001AE8C73B0004C306 /* PBXContainerItemProxy */ = {
			isa = PBXContainerItemProxy;
			containerPortal = 3B3815DE1AE8C73B0004C306 /* Project object */;
			proxyType = 1;
			remoteGlobalIDString = 3B3815E51AE8C73B0004C306;
			remoteInfo = AboutUI;
		};
/* End PBXContainerItemProxy section */

/* Begin PBXFileReference section */
		3B0450A61AEE1E8200710294 /* ChoiceMorePickVC.h */ = {isa = PBXFileReference; fileEncoding = 4; lastKnownFileType = sourcecode.c.h; path = ChoiceMorePickVC.h; sourceTree = "<group>"; };
		3B0450A71AEE1E8200710294 /* ChoiceMorePickVC.m */ = {isa = PBXFileReference; fileEncoding = 4; lastKnownFileType = sourcecode.c.objc; path = ChoiceMorePickVC.m; sourceTree = "<group>"; };
		3B0450BF1AEE222800710294 /* XYLXIPickerVC.h */ = {isa = PBXFileReference; fileEncoding = 4; lastKnownFileType = sourcecode.c.h; path = XYLXIPickerVC.h; sourceTree = "<group>"; };
		3B0450C01AEE222800710294 /* XYLXIPickerVC.m */ = {isa = PBXFileReference; fileEncoding = 4; lastKnownFileType = sourcecode.c.objc; path = XYLXIPickerVC.m; sourceTree = "<group>"; };
		3B0450C21AEE239900710294 /* XYLXIPickerNavVC.h */ = {isa = PBXFileReference; fileEncoding = 4; lastKnownFileType = sourcecode.c.h; path = XYLXIPickerNavVC.h; sourceTree = "<group>"; };
		3B0450C31AEE239900710294 /* XYLXIPickerNavVC.m */ = {isa = PBXFileReference; fileEncoding = 4; lastKnownFileType = sourcecode.c.objc; path = XYLXIPickerNavVC.m; sourceTree = "<group>"; };
		3B0450C51AEE251100710294 /* XYLXIAsset.h */ = {isa = PBXFileReference; fileEncoding = 4; lastKnownFileType = sourcecode.c.h; path = XYLXIAsset.h; sourceTree = "<group>"; };
		3B0450C61AEE251100710294 /* XYLXIAsset.m */ = {isa = PBXFileReference; fileEncoding = 4; lastKnownFileType = sourcecode.c.objc; path = XYLXIAsset.m; sourceTree = "<group>"; };
		3B0450C81AEE26AA00710294 /* Overlay.png */ = {isa = PBXFileReference; lastKnownFileType = image.png; path = Overlay.png; sourceTree = "<group>"; };
		3B0450C91AEE26AA00710294 /* Overlay@2x.png */ = {isa = PBXFileReference; lastKnownFileType = image.png; path = "Overlay@2x.png"; sourceTree = "<group>"; };
		3B0450CC1AEE2C3700710294 /* XYLXIAssetVC.h */ = {isa = PBXFileReference; fileEncoding = 4; lastKnownFileType = sourcecode.c.h; path = XYLXIAssetVC.h; sourceTree = "<group>"; };
		3B0450CD1AEE2C3700710294 /* XYLXIAssetVC.m */ = {isa = PBXFileReference; fileEncoding = 4; lastKnownFileType = sourcecode.c.objc; path = XYLXIAssetVC.m; sourceTree = "<group>"; };
		3B0450CF1AEE314800710294 /* XYLXIAssetCell.h */ = {isa = PBXFileReference; fileEncoding = 4; lastKnownFileType = sourcecode.c.h; path = XYLXIAssetCell.h; sourceTree = "<group>"; };
		3B0450D01AEE314800710294 /* XYLXIAssetCell.m */ = {isa = PBXFileReference; fileEncoding = 4; lastKnownFileType = sourcecode.c.objc; path = XYLXIAssetCell.m; sourceTree = "<group>"; };
		3B3815E61AE8C73B0004C306 /* AboutUI.app */ = {isa = PBXFileReference; explicitFileType = wrapper.application; includeInIndex = 0; path = AboutUI.app; sourceTree = BUILT_PRODUCTS_DIR; };
		3B3815EA1AE8C73B0004C306 /* Info.plist */ = {isa = PBXFileReference; lastKnownFileType = text.plist.xml; path = Info.plist; sourceTree = "<group>"; };
		3B3815EB1AE8C73B0004C306 /* main.m */ = {isa = PBXFileReference; lastKnownFileType = sourcecode.c.objc; path = main.m; sourceTree = "<group>"; };
		3B3815ED1AE8C73B0004C306 /* AppDelegate.h */ = {isa = PBXFileReference; lastKnownFileType = sourcecode.c.h; path = AppDelegate.h; sourceTree = "<group>"; };
		3B3815EE1AE8C73B0004C306 /* AppDelegate.m */ = {isa = PBXFileReference; lastKnownFileType = sourcecode.c.objc; path = AppDelegate.m; sourceTree = "<group>"; };
		3B3815F41AE8C73B0004C306 /* Base */ = {isa = PBXFileReference; lastKnownFileType = file.storyboard; name = Base; path = Base.lproj/Main.storyboard; sourceTree = "<group>"; };
		3B3815F61AE8C73B0004C306 /* Images.xcassets */ = {isa = PBXFileReference; lastKnownFileType = folder.assetcatalog; path = Images.xcassets; sourceTree = "<group>"; };
		3B3815F91AE8C73B0004C306 /* Base */ = {isa = PBXFileReference; lastKnownFileType = file.xib; name = Base; path = Base.lproj/LaunchScreen.xib; sourceTree = "<group>"; };
		3B3815FF1AE8C73B0004C306 /* AboutUITests.xctest */ = {isa = PBXFileReference; explicitFileType = wrapper.cfbundle; includeInIndex = 0; path = AboutUITests.xctest; sourceTree = BUILT_PRODUCTS_DIR; };
		3B3816041AE8C73B0004C306 /* Info.plist */ = {isa = PBXFileReference; lastKnownFileType = text.plist.xml; path = Info.plist; sourceTree = "<group>"; };
		3B3816051AE8C73B0004C306 /* AboutUITests.m */ = {isa = PBXFileReference; lastKnownFileType = sourcecode.c.objc; path = AboutUITests.m; sourceTree = "<group>"; };
		3B3816121AE8C7D80004C306 /* tableController.h */ = {isa = PBXFileReference; fileEncoding = 4; lastKnownFileType = sourcecode.c.h; path = tableController.h; sourceTree = "<group>"; };
		3B3816131AE8C7D80004C306 /* tableController.m */ = {isa = PBXFileReference; fileEncoding = 4; lastKnownFileType = sourcecode.c.objc; path = tableController.m; sourceTree = "<group>"; };
		3B3816151AE8C96B0004C306 /* UITextFieldVC.h */ = {isa = PBXFileReference; fileEncoding = 4; lastKnownFileType = sourcecode.c.h; path = UITextFieldVC.h; sourceTree = "<group>"; };
		3B3816161AE8C96B0004C306 /* UITextFieldVC.m */ = {isa = PBXFileReference; fileEncoding = 4; lastKnownFileType = sourcecode.c.objc; path = UITextFieldVC.m; sourceTree = "<group>"; };
		3B3816181AE8CB3B0004C306 /* CustomTextField.h */ = {isa = PBXFileReference; fileEncoding = 4; lastKnownFileType = sourcecode.c.h; path = CustomTextField.h; sourceTree = "<group>"; };
		3B3816191AE8CB3B0004C306 /* CustomTextField.m */ = {isa = PBXFileReference; fileEncoding = 4; lastKnownFileType = sourcecode.c.objc; path = CustomTextField.m; sourceTree = "<group>"; };
		3B38161B1AE8D3B60004C306 /* WebsiteOrRecord.h */ = {isa = PBXFileReference; lastKnownFileType = sourcecode.c.h; path = WebsiteOrRecord.h; sourceTree = "<group>"; };
		3B38161C1AE8D54D0004C306 /* NavVC.h */ = {isa = PBXFileReference; fileEncoding = 4; lastKnownFileType = sourcecode.c.h; path = NavVC.h; sourceTree = "<group>"; };
		3B38161D1AE8D54D0004C306 /* NavVC.m */ = {isa = PBXFileReference; fileEncoding = 4; lastKnownFileType = sourcecode.c.objc; path = NavVC.m; sourceTree = "<group>"; };
		3B7211A81B00E22200EE31CC /* AWCollectionViewDialLayout.h */ = {isa = PBXFileReference; fileEncoding = 4; lastKnownFileType = sourcecode.c.h; path = AWCollectionViewDialLayout.h; sourceTree = "<group>"; };
		3B7211A91B00E22200EE31CC /* AWCollectionViewDialLayout.m */ = {isa = PBXFileReference; fileEncoding = 4; lastKnownFileType = sourcecode.c.objc; path = AWCollectionViewDialLayout.m; sourceTree = "<group>"; };
		3B7211AB1B00E25B00EE31CC /* CustomLayoutViewController.h */ = {isa = PBXFileReference; fileEncoding = 4; lastKnownFileType = sourcecode.c.h; path = CustomLayoutViewController.h; sourceTree = "<group>"; };
		3B7211AC1B00E25B00EE31CC /* CustomLayoutViewController.m */ = {isa = PBXFileReference; fileEncoding = 4; lastKnownFileType = sourcecode.c.objc; path = CustomLayoutViewController.m; sourceTree = "<group>"; };
		3B7211AE1B00E26100EE31CC /* Main_iPhone.storyboard */ = {isa = PBXFileReference; fileEncoding = 4; lastKnownFileType = file.storyboard; path = Main_iPhone.storyboard; sourceTree = "<group>"; };
		3B7211B01B00E32400EE31CC /* dialCell.xib */ = {isa = PBXFileReference; fileEncoding = 4; lastKnownFileType = file.xib; path = dialCell.xib; sourceTree = "<group>"; };
		3B7211B11B00E32400EE31CC /* dialCell2.xib */ = {isa = PBXFileReference; fileEncoding = 4; lastKnownFileType = file.xib; path = dialCell2.xib; sourceTree = "<group>"; };
		3B7211B41B00E34300EE31CC /* players.json */ = {isa = PBXFileReference; fileEncoding = 4; lastKnownFileType = text.json; path = players.json; sourceTree = "<group>"; };
		3B7211B71B00E36000EE31CC /* awcollectionviewdiallayout_1.jpg */ = {isa = PBXFileReference; lastKnownFileType = image.jpeg; path = awcollectionviewdiallayout_1.jpg; sourceTree = "<group>"; };
		3B7211B81B00E36000EE31CC /* awcollectionviewdiallayout_2.jpg */ = {isa = PBXFileReference; lastKnownFileType = image.jpeg; path = awcollectionviewdiallayout_2.jpg; sourceTree = "<group>"; };
		3B7211B91B00E36000EE31CC /* carmelo_anthony.png */ = {isa = PBXFileReference; lastKnownFileType = image.png; path = carmelo_anthony.png; sourceTree = "<group>"; };
		3B7211BA1B00E36000EE31CC /* dwayne_wade.png */ = {isa = PBXFileReference; lastKnownFileType = image.png; path = dwayne_wade.png; sourceTree = "<group>"; };
		3B7211BB1B00E36000EE31CC /* james_harden.png */ = {isa = PBXFileReference; lastKnownFileType = image.png; path = james_harden.png; sourceTree = "<group>"; };
		3B7211BC1B00E36000EE31CC /* kevin_durant.png */ = {isa = PBXFileReference; lastKnownFileType = image.png; path = kevin_durant.png; sourceTree = "<group>"; };
		3B7211BD1B00E36000EE31CC /* kyrie_irving.png */ = {isa = PBXFileReference; lastKnownFileType = image.png; path = kyrie_irving.png; sourceTree = "<group>"; };
		3B7211BE1B00E36000EE31CC /* lebron_james.png */ = {isa = PBXFileReference; lastKnownFileType = image.png; path = lebron_james.png; sourceTree = "<group>"; };
		3B7211BF1B00E36000EE31CC /* paul_george.png */ = {isa = PBXFileReference; lastKnownFileType = image.png; path = paul_george.png; sourceTree = "<group>"; };
		3B7211C91B00E39900EE31CC /* iphone_settings_view.xib */ = {isa = PBXFileReference; fileEncoding = 4; lastKnownFileType = file.xib; path = iphone_settings_view.xib; sourceTree = "<group>"; };
		3B91A8741AECA1410001AC81 /* ViewController.h */ = {isa = PBXFileReference; fileEncoding = 4; lastKnownFileType = sourcecode.c.h; path = ViewController.h; sourceTree = "<group>"; };
		3B91A8751AECA1410001AC81 /* ViewController.m */ = {isa = PBXFileReference; fileEncoding = 4; lastKnownFileType = sourcecode.c.objc; path = ViewController.m; sourceTree = "<group>"; };
		3B91A8761AECA1410001AC81 /* YLCheckToUnlockViewController.h */ = {isa = PBXFileReference; fileEncoding = 4; lastKnownFileType = sourcecode.c.h; path = YLCheckToUnlockViewController.h; sourceTree = "<group>"; };
		3B91A8771AECA1410001AC81 /* YLCheckToUnlockViewController.m */ = {isa = PBXFileReference; fileEncoding = 4; lastKnownFileType = sourcecode.c.objc; path = YLCheckToUnlockViewController.m; sourceTree = "<group>"; };
		3B91A8781AECA1410001AC81 /* YLInitSwipePasswordController.h */ = {isa = PBXFileReference; fileEncoding = 4; lastKnownFileType = sourcecode.c.h; path = YLInitSwipePasswordController.h; sourceTree = "<group>"; };
		3B91A8791AECA1410001AC81 /* YLInitSwipePasswordController.m */ = {isa = PBXFileReference; fileEncoding = 4; lastKnownFileType = sourcecode.c.objc; path = YLInitSwipePasswordController.m; sourceTree = "<group>"; };
		3B91A87E1AECA1650001AC81 /* YLSwipeLockNodeView.h */ = {isa = PBXFileReference; fileEncoding = 4; lastKnownFileType = sourcecode.c.h; path = YLSwipeLockNodeView.h; sourceTree = "<group>"; };
		3B91A87F1AECA1650001AC81 /* YLSwipeLockNodeView.m */ = {isa = PBXFileReference; fileEncoding = 4; lastKnownFileType = sourcecode.c.objc; path = YLSwipeLockNodeView.m; sourceTree = "<group>"; };
		3B91A8801AECA1650001AC81 /* YLSwipeLockView.h */ = {isa = PBXFileReference; fileEncoding = 4; lastKnownFileType = sourcecode.c.h; path = YLSwipeLockView.h; sourceTree = "<group>"; };
		3B91A8811AECA1650001AC81 /* YLSwipeLockView.m */ = {isa = PBXFileReference; fileEncoding = 4; lastKnownFileType = sourcecode.c.objc; path = YLSwipeLockView.m; sourceTree = "<group>"; };
/* End PBXFileReference section */

/* Begin PBXFrameworksBuildPhase section */
		3B3815E31AE8C73B0004C306 /* Frameworks */ = {
			isa = PBXFrameworksBuildPhase;
			buildActionMask = 2147483647;
			files = (
			);
			runOnlyForDeploymentPostprocessing = 0;
		};
		3B3815FC1AE8C73B0004C306 /* Frameworks */ = {
			isa = PBXFrameworksBuildPhase;
			buildActionMask = 2147483647;
			files = (
			);
			runOnlyForDeploymentPostprocessing = 0;
		};
/* End PBXFrameworksBuildPhase section */

/* Begin PBXGroup section */
		3B0450A51AEE1E5200710294 /* 照片多选控制器 */ = {
			isa = PBXGroup;
			children = (
				3B0450C81AEE26AA00710294 /* Overlay.png */,
				3B0450C91AEE26AA00710294 /* Overlay@2x.png */,
				3B0450A61AEE1E8200710294 /* ChoiceMorePickVC.h */,
				3B0450A71AEE1E8200710294 /* ChoiceMorePickVC.m */,
				3B0450D31AEE3F2900710294 /* 照片选择器Class */,
				3B0450A91AEE209700710294 /* picClass */,
			);
			name = "照片多选控制器";
			sourceTree = "<group>";
		};
		3B0450A91AEE209700710294 /* picClass */ = {
			isa = PBXGroup;
			children = (
			);
			name = picClass;
			sourceTree = "<group>";
		};
		3B0450D31AEE3F2900710294 /* 照片选择器Class */ = {
			isa = PBXGroup;
			children = (
				3B0450C21AEE239900710294 /* XYLXIPickerNavVC.h */,
				3B0450C31AEE239900710294 /* XYLXIPickerNavVC.m */,
				3B0450BF1AEE222800710294 /* XYLXIPickerVC.h */,
				3B0450C01AEE222800710294 /* XYLXIPickerVC.m */,
				3B0450CC1AEE2C3700710294 /* XYLXIAssetVC.h */,
				3B0450CD1AEE2C3700710294 /* XYLXIAssetVC.m */,
				3B0450C51AEE251100710294 /* XYLXIAsset.h */,
				3B0450C61AEE251100710294 /* XYLXIAsset.m */,
				3B0450CF1AEE314800710294 /* XYLXIAssetCell.h */,
				3B0450D01AEE314800710294 /* XYLXIAssetCell.m */,
			);
			name = "照片选择器Class";
			sourceTree = "<group>";
		};
		3B3815DD1AE8C73B0004C306 = {
			isa = PBXGroup;
			children = (
				3B3815E81AE8C73B0004C306 /* AboutUI */,
				3B3816021AE8C73B0004C306 /* AboutUITests */,
				3B3815E71AE8C73B0004C306 /* Products */,
			);
			sourceTree = "<group>";
		};
		3B3815E71AE8C73B0004C306 /* Products */ = {
			isa = PBXGroup;
			children = (
				3B3815E61AE8C73B0004C306 /* AboutUI.app */,
				3B3815FF1AE8C73B0004C306 /* AboutUITests.xctest */,
			);
			name = Products;
			sourceTree = "<group>";
		};
		3B3815E81AE8C73B0004C306 /* AboutUI */ = {
			isa = PBXGroup;
			children = (
				3B3815ED1AE8C73B0004C306 /* AppDelegate.h */,
				3B3815EE1AE8C73B0004C306 /* AppDelegate.m */,
				3B38161B1AE8D3B60004C306 /* WebsiteOrRecord.h */,
				3B7211A71B00E1F900EE31CC /* 自定义的ColloectionLayout */,
				3B0450A51AEE1E5200710294 /* 照片多选控制器 */,
				3B91A8701AECA0AB0001AC81 /* 滑动手势锁屏 */,
				3B3816111AE8C7B10004C306 /* 下拉刷新 */,
				3B3816101AE8C7870004C306 /* UITextField */,
				3B38160F1AE8C77C0004C306 /* Nav */,
				3B3815F31AE8C73B0004C306 /* Main.storyboard */,
				3B3815F61AE8C73B0004C306 /* Images.xcassets */,
				3B3815F81AE8C73B0004C306 /* LaunchScreen.xib */,
				3B3815E91AE8C73B0004C306 /* Supporting Files */,
			);
			path = AboutUI;
			sourceTree = "<group>";
		};
		3B3815E91AE8C73B0004C306 /* Supporting Files */ = {
			isa = PBXGroup;
			children = (
				3B3815EA1AE8C73B0004C306 /* Info.plist */,
				3B3815EB1AE8C73B0004C306 /* main.m */,
			);
			name = "Supporting Files";
			sourceTree = "<group>";
		};
		3B3816021AE8C73B0004C306 /* AboutUITests */ = {
			isa = PBXGroup;
			children = (
				3B3816051AE8C73B0004C306 /* AboutUITests.m */,
				3B3816031AE8C73B0004C306 /* Supporting Files */,
			);
			path = AboutUITests;
			sourceTree = "<group>";
		};
		3B3816031AE8C73B0004C306 /* Supporting Files */ = {
			isa = PBXGroup;
			children = (
				3B3816041AE8C73B0004C306 /* Info.plist */,
			);
			name = "Supporting Files";
			sourceTree = "<group>";
		};
		3B38160F1AE8C77C0004C306 /* Nav */ = {
			isa = PBXGroup;
			children = (
				3B38161C1AE8D54D0004C306 /* NavVC.h */,
				3B38161D1AE8D54D0004C306 /* NavVC.m */,
			);
			name = Nav;
			sourceTree = "<group>";
		};
		3B3816101AE8C7870004C306 /* UITextField */ = {
			isa = PBXGroup;
			children = (
				3B3816151AE8C96B0004C306 /* UITextFieldVC.h */,
				3B3816161AE8C96B0004C306 /* UITextFieldVC.m */,
				3B3816181AE8CB3B0004C306 /* CustomTextField.h */,
				3B3816191AE8CB3B0004C306 /* CustomTextField.m */,
			);
			name = UITextField;
			sourceTree = "<group>";
		};
		3B3816111AE8C7B10004C306 /* 下拉刷新 */ = {
			isa = PBXGroup;
			children = (
				3B3816121AE8C7D80004C306 /* tableController.h */,
				3B3816131AE8C7D80004C306 /* tableController.m */,
			);
			name = "下拉刷新";
			sourceTree = "<group>";
		};
		3B7211A71B00E1F900EE31CC /* 自定义的ColloectionLayout */ = {
			isa = PBXGroup;
			children = (
				3B7211AE1B00E26100EE31CC /* Main_iPhone.storyboard */,
				3B7211B01B00E32400EE31CC /* dialCell.xib */,
				3B7211B11B00E32400EE31CC /* dialCell2.xib */,
				3B7211C91B00E39900EE31CC /* iphone_settings_view.xib */,
				3B7211A81B00E22200EE31CC /* AWCollectionViewDialLayout.h */,
				3B7211A91B00E22200EE31CC /* AWCollectionViewDialLayout.m */,
				3B7211AB1B00E25B00EE31CC /* CustomLayoutViewController.h */,
				3B7211AC1B00E25B00EE31CC /* CustomLayoutViewController.m */,
				3B7211B41B00E34300EE31CC /* players.json */,
				3B7211B61B00E34800EE31CC /* image */,
			);
			name = "自定义的ColloectionLayout";
			sourceTree = "<group>";
		};
		3B7211B61B00E34800EE31CC /* image */ = {
			isa = PBXGroup;
			children = (
				3B7211B71B00E36000EE31CC /* awcollectionviewdiallayout_1.jpg */,
				3B7211B81B00E36000EE31CC /* awcollectionviewdiallayout_2.jpg */,
				3B7211B91B00E36000EE31CC /* carmelo_anthony.png */,
				3B7211BA1B00E36000EE31CC /* dwayne_wade.png */,
				3B7211BB1B00E36000EE31CC /* james_harden.png */,
				3B7211BC1B00E36000EE31CC /* kevin_durant.png */,
				3B7211BD1B00E36000EE31CC /* kyrie_irving.png */,
				3B7211BE1B00E36000EE31CC /* lebron_james.png */,
				3B7211BF1B00E36000EE31CC /* paul_george.png */,
			);
			name = image;
			sourceTree = "<group>";
		};
		3B91A8701AECA0AB0001AC81 /* 滑动手势锁屏 */ = {
			isa = PBXGroup;
			children = (
				3B91A8741AECA1410001AC81 /* ViewController.h */,
				3B91A8751AECA1410001AC81 /* ViewController.m */,
				3B91A8761AECA1410001AC81 /* YLCheckToUnlockViewController.h */,
				3B91A8771AECA1410001AC81 /* YLCheckToUnlockViewController.m */,
				3B91A8781AECA1410001AC81 /* YLInitSwipePasswordController.h */,
				3B91A8791AECA1410001AC81 /* YLInitSwipePasswordController.m */,
				3B91A87D1AECA1460001AC81 /* SwipeLockClass */,
			);
			name = "滑动手势锁屏";
			sourceTree = "<group>";
		};
		3B91A87D1AECA1460001AC81 /* SwipeLockClass */ = {
			isa = PBXGroup;
			children = (
				3B91A87E1AECA1650001AC81 /* YLSwipeLockNodeView.h */,
				3B91A87F1AECA1650001AC81 /* YLSwipeLockNodeView.m */,
				3B91A8801AECA1650001AC81 /* YLSwipeLockView.h */,
				3B91A8811AECA1650001AC81 /* YLSwipeLockView.m */,
			);
			name = SwipeLockClass;
			sourceTree = "<group>";
		};
/* End PBXGroup section */

/* Begin PBXNativeTarget section */
		3B3815E51AE8C73B0004C306 /* AboutUI */ = {
			isa = PBXNativeTarget;
			buildConfigurationList = 3B3816091AE8C73B0004C306 /* Build configuration list for PBXNativeTarget "AboutUI" */;
			buildPhases = (
				3B3815E21AE8C73B0004C306 /* Sources */,
				3B3815E31AE8C73B0004C306 /* Frameworks */,
				3B3815E41AE8C73B0004C306 /* Resources */,
			);
			buildRules = (
			);
			dependencies = (
			);
			name = AboutUI;
			productName = AboutUI;
			productReference = 3B3815E61AE8C73B0004C306 /* AboutUI.app */;
			productType = "com.apple.product-type.application";
		};
		3B3815FE1AE8C73B0004C306 /* AboutUITests */ = {
			isa = PBXNativeTarget;
			buildConfigurationList = 3B38160C1AE8C73B0004C306 /* Build configuration list for PBXNativeTarget "AboutUITests" */;
			buildPhases = (
				3B3815FB1AE8C73B0004C306 /* Sources */,
				3B3815FC1AE8C73B0004C306 /* Frameworks */,
				3B3815FD1AE8C73B0004C306 /* Resources */,
			);
			buildRules = (
			);
			dependencies = (
				3B3816011AE8C73B0004C306 /* PBXTargetDependency */,
			);
			name = AboutUITests;
			productName = AboutUITests;
			productReference = 3B3815FF1AE8C73B0004C306 /* AboutUITests.xctest */;
			productType = "com.apple.product-type.bundle.unit-test";
		};
/* End PBXNativeTarget section */

/* Begin PBXProject section */
		3B3815DE1AE8C73B0004C306 /* Project object */ = {
			isa = PBXProject;
			attributes = {
				LastUpgradeCheck = 0630;
				ORGANIZATIONNAME = RobuSoft;
				TargetAttributes = {
					3B3815E51AE8C73B0004C306 = {
						CreatedOnToolsVersion = 6.3;
					};
					3B3815FE1AE8C73B0004C306 = {
						CreatedOnToolsVersion = 6.3;
						TestTargetID = 3B3815E51AE8C73B0004C306;
					};
				};
			};
			buildConfigurationList = 3B3815E11AE8C73B0004C306 /* Build configuration list for PBXProject "AboutUI" */;
			compatibilityVersion = "Xcode 3.2";
			developmentRegion = English;
			hasScannedForEncodings = 0;
			knownRegions = (
				en,
				Base,
			);
			mainGroup = 3B3815DD1AE8C73B0004C306;
			productRefGroup = 3B3815E71AE8C73B0004C306 /* Products */;
			projectDirPath = "";
			projectRoot = "";
			targets = (
				3B3815E51AE8C73B0004C306 /* AboutUI */,
				3B3815FE1AE8C73B0004C306 /* AboutUITests */,
			);
		};
/* End PBXProject section */

/* Begin PBXResourcesBuildPhase section */
		3B3815E41AE8C73B0004C306 /* Resources */ = {
			isa = PBXResourcesBuildPhase;
			buildActionMask = 2147483647;
			files = (
				3B7211C71B00E36000EE31CC /* lebron_james.png in Resources */,
				3B7211C51B00E36000EE31CC /* kevin_durant.png in Resources */,
				3B0450CB1AEE26AA00710294 /* Overlay@2x.png in Resources */,
				3B7211C21B00E36000EE31CC /* carmelo_anthony.png in Resources */,
				3B7211C31B00E36000EE31CC /* dwayne_wade.png in Resources */,
				3B0450CA1AEE26AA00710294 /* Overlay.png in Resources */,
				3B7211C81B00E36000EE31CC /* paul_george.png in Resources */,
				3B7211C61B00E36000EE31CC /* kyrie_irving.png in Resources */,
				3B7211C41B00E36000EE31CC /* james_harden.png in Resources */,
				3B7211B31B00E32400EE31CC /* dialCell2.xib in Resources */,
				3B7211AF1B00E26100EE31CC /* Main_iPhone.storyboard in Resources */,
				3B3815F51AE8C73B0004C306 /* Main.storyboard in Resources */,
				3B7211B51B00E34300EE31CC /* players.json in Resources */,
				3B7211CA1B00E39900EE31CC /* iphone_settings_view.xib in Resources */,
				3B7211C11B00E36000EE31CC /* awcollectionviewdiallayout_2.jpg in Resources */,
				3B3815FA1AE8C73B0004C306 /* LaunchScreen.xib in Resources */,
				3B7211B21B00E32400EE31CC /* dialCell.xib in Resources */,
				3B7211C01B00E36000EE31CC /* awcollectionviewdiallayout_1.jpg in Resources */,
				3B3815F71AE8C73B0004C306 /* Images.xcassets in Resources */,
			);
			runOnlyForDeploymentPostprocessing = 0;
		};
		3B3815FD1AE8C73B0004C306 /* Resources */ = {
			isa = PBXResourcesBuildPhase;
			buildActionMask = 2147483647;
			files = (
			);
			runOnlyForDeploymentPostprocessing = 0;
		};
/* End PBXResourcesBuildPhase section */

/* Begin PBXSourcesBuildPhase section */
		3B3815E21AE8C73B0004C306 /* Sources */ = {
			isa = PBXSourcesBuildPhase;
			buildActionMask = 2147483647;
			files = (
				3B0450CE1AEE2C3700710294 /* XYLXIAssetVC.m in Sources */,
				3B0450D11AEE314800710294 /* XYLXIAssetCell.m in Sources */,
				3B91A87A1AECA1410001AC81 /* ViewController.m in Sources */,
				3B38161E1AE8D54D0004C306 /* NavVC.m in Sources */,
				3B91A8831AECA1650001AC81 /* YLSwipeLockView.m in Sources */,
				3B0450C41AEE239900710294 /* XYLXIPickerNavVC.m in Sources */,
				3B7211AD1B00E25B00EE31CC /* CustomLayoutViewController.m in Sources */,
				3B7211AA1B00E22200EE31CC /* AWCollectionViewDialLayout.m in Sources */,
				3B0450A81AEE1E8200710294 /* ChoiceMorePickVC.m in Sources */,
				3B0450C71AEE251100710294 /* XYLXIAsset.m in Sources */,
				3B91A87C1AECA1410001AC81 /* YLInitSwipePasswordController.m in Sources */,
				3B3816141AE8C7D80004C306 /* tableController.m in Sources */,
				3B91A87B1AECA1410001AC81 /* YLCheckToUnlockViewController.m in Sources */,
				3B3815EF1AE8C73B0004C306 /* AppDelegate.m in Sources */,
				3B0450C11AEE222800710294 /* XYLXIPickerVC.m in Sources */,
				3B3816171AE8C96B0004C306 /* UITextFieldVC.m in Sources */,
				3B38161A1AE8CB3B0004C306 /* CustomTextField.m in Sources */,
				3B3815EC1AE8C73B0004C306 /* main.m in Sources */,
				3B91A8821AECA1650001AC81 /* YLSwipeLockNodeView.m in Sources */,
			);
			runOnlyForDeploymentPostprocessing = 0;
		};
		3B3815FB1AE8C73B0004C306 /* Sources */ = {
			isa = PBXSourcesBuildPhase;
			buildActionMask = 2147483647;
			files = (
				3B3816061AE8C73B0004C306 /* AboutUITests.m in Sources */,
			);
			runOnlyForDeploymentPostprocessing = 0;
		};
/* End PBXSourcesBuildPhase section */

/* Begin PBXTargetDependency section */
		3B3816011AE8C73B0004C306 /* PBXTargetDependency */ = {
			isa = PBXTargetDependency;
			target = 3B3815E51AE8C73B0004C306 /* AboutUI */;
			targetProxy = 3B3816001AE8C73B0004C306 /* PBXContainerItemProxy */;
		};
/* End PBXTargetDependency section */

/* Begin PBXVariantGroup section */
		3B3815F31AE8C73B0004C306 /* Main.storyboard */ = {
			isa = PBXVariantGroup;
			children = (
				3B3815F41AE8C73B0004C306 /* Base */,
			);
			name = Main.storyboard;
			sourceTree = "<group>";
		};
		3B3815F81AE8C73B0004C306 /* LaunchScreen.xib */ = {
			isa = PBXVariantGroup;
			children = (
				3B3815F91AE8C73B0004C306 /* Base */,
			);
			name = LaunchScreen.xib;
			sourceTree = "<group>";
		};
/* End PBXVariantGroup section */

/* Begin XCBuildConfiguration section */
		3B3816071AE8C73B0004C306 /* Debug */ = {
			isa = XCBuildConfiguration;
			buildSettings = {
				ALWAYS_SEARCH_USER_PATHS = NO;
				CLANG_CXX_LANGUAGE_STANDARD = "gnu++0x";
				CLANG_CXX_LIBRARY = "libc++";
				CLANG_ENABLE_MODULES = YES;
				CLANG_ENABLE_OBJC_ARC = YES;
				CLANG_WARN_BOOL_CONVERSION = YES;
				CLANG_WARN_CONSTANT_CONVERSION = YES;
				CLANG_WARN_DIRECT_OBJC_ISA_USAGE = YES_ERROR;
				CLANG_WARN_EMPTY_BODY = YES;
				CLANG_WARN_ENUM_CONVERSION = YES;
				CLANG_WARN_INT_CONVERSION = YES;
				CLANG_WARN_OBJC_ROOT_CLASS = YES_ERROR;
				CLANG_WARN_UNREACHABLE_CODE = YES;
				CLANG_WARN__DUPLICATE_METHOD_MATCH = YES;
				"CODE_SIGN_IDENTITY[sdk=iphoneos*]" = "iPhone Developer";
				COPY_PHASE_STRIP = NO;
				DEBUG_INFORMATION_FORMAT = "dwarf-with-dsym";
				ENABLE_STRICT_OBJC_MSGSEND = YES;
				GCC_C_LANGUAGE_STANDARD = gnu99;
				GCC_DYNAMIC_NO_PIC = NO;
				GCC_NO_COMMON_BLOCKS = YES;
				GCC_OPTIMIZATION_LEVEL = 0;
				GCC_PREPROCESSOR_DEFINITIONS = (
					"DEBUG=1",
					"$(inherited)",
				);
				GCC_SYMBOLS_PRIVATE_EXTERN = NO;
				GCC_WARN_64_TO_32_BIT_CONVERSION = YES;
				GCC_WARN_ABOUT_RETURN_TYPE = YES_ERROR;
				GCC_WARN_UNDECLARED_SELECTOR = YES;
				GCC_WARN_UNINITIALIZED_AUTOS = YES_AGGRESSIVE;
				GCC_WARN_UNUSED_FUNCTION = YES;
				GCC_WARN_UNUSED_VARIABLE = YES;
				IPHONEOS_DEPLOYMENT_TARGET = 8.3;
				MTL_ENABLE_DEBUG_INFO = YES;
				ONLY_ACTIVE_ARCH = YES;
				SDKROOT = iphoneos;
			};
			name = Debug;
		};
		3B3816081AE8C73B0004C306 /* Release */ = {
			isa = XCBuildConfiguration;
			buildSettings = {
				ALWAYS_SEARCH_USER_PATHS = NO;
				CLANG_CXX_LANGUAGE_STANDARD = "gnu++0x";
				CLANG_CXX_LIBRARY = "libc++";
				CLANG_ENABLE_MODULES = YES;
				CLANG_ENABLE_OBJC_ARC = YES;
				CLANG_WARN_BOOL_CONVERSION = YES;
				CLANG_WARN_CONSTANT_CONVERSION = YES;
				CLANG_WARN_DIRECT_OBJC_ISA_USAGE = YES_ERROR;
				CLANG_WARN_EMPTY_BODY = YES;
				CLANG_WARN_ENUM_CONVERSION = YES;
				CLANG_WARN_INT_CONVERSION = YES;
				CLANG_WARN_OBJC_ROOT_CLASS = YES_ERROR;
				CLANG_WARN_UNREACHABLE_CODE = YES;
				CLANG_WARN__DUPLICATE_METHOD_MATCH = YES;
				"CODE_SIGN_IDENTITY[sdk=iphoneos*]" = "iPhone Developer";
				COPY_PHASE_STRIP = NO;
				DEBUG_INFORMATION_FORMAT = "dwarf-with-dsym";
				ENABLE_NS_ASSERTIONS = NO;
				ENABLE_STRICT_OBJC_MSGSEND = YES;
				GCC_C_LANGUAGE_STANDARD = gnu99;
				GCC_NO_COMMON_BLOCKS = YES;
				GCC_WARN_64_TO_32_BIT_CONVERSION = YES;
				GCC_WARN_ABOUT_RETURN_TYPE = YES_ERROR;
				GCC_WARN_UNDECLARED_SELECTOR = YES;
				GCC_WARN_UNINITIALIZED_AUTOS = YES_AGGRESSIVE;
				GCC_WARN_UNUSED_FUNCTION = YES;
				GCC_WARN_UNUSED_VARIABLE = YES;
				IPHONEOS_DEPLOYMENT_TARGET = 8.3;
				MTL_ENABLE_DEBUG_INFO = NO;
				SDKROOT = iphoneos;
				VALIDATE_PRODUCT = YES;
			};
			name = Release;
		};
		3B38160A1AE8C73B0004C306 /* Debug */ = {
			isa = XCBuildConfiguration;
			buildSettings = {
				ASSETCATALOG_COMPILER_APPICON_NAME = AppIcon;
				ASSETCATALOG_COMPILER_LAUNCHIMAGE_NAME = LaunchImage;
				INFOPLIST_FILE = AboutUI/Info.plist;
				IPHONEOS_DEPLOYMENT_TARGET = 7.0;
				LD_RUNPATH_SEARCH_PATHS = "$(inherited) @executable_path/Frameworks";
				PRODUCT_NAME = "$(TARGET_NAME)";
			};
			name = Debug;
		};
		3B38160B1AE8C73B0004C306 /* Release */ = {
			isa = XCBuildConfiguration;
			buildSettings = {
				ASSETCATALOG_COMPILER_APPICON_NAME = AppIcon;
				ASSETCATALOG_COMPILER_LAUNCHIMAGE_NAME = LaunchImage;
				INFOPLIST_FILE = AboutUI/Info.plist;
				IPHONEOS_DEPLOYMENT_TARGET = 7.0;
				LD_RUNPATH_SEARCH_PATHS = "$(inherited) @executable_path/Frameworks";
				PRODUCT_NAME = "$(TARGET_NAME)";
			};
			name = Release;
		};
		3B38160D1AE8C73B0004C306 /* Debug */ = {
			isa = XCBuildConfiguration;
			buildSettings = {
				BUNDLE_LOADER = "$(TEST_HOST)";
				FRAMEWORK_SEARCH_PATHS = (
					"$(SDKROOT)/Developer/Library/Frameworks",
					"$(inherited)",
				);
				GCC_PREPROCESSOR_DEFINITIONS = (
					"DEBUG=1",
					"$(inherited)",
				);
				INFOPLIST_FILE = AboutUITests/Info.plist;
				LD_RUNPATH_SEARCH_PATHS = "$(inherited) @executable_path/Frameworks @loader_path/Frameworks";
				PRODUCT_NAME = "$(TARGET_NAME)";
				TEST_HOST = "$(BUILT_PRODUCTS_DIR)/AboutUI.app/AboutUI";
			};
			name = Debug;
		};
		3B38160E1AE8C73B0004C306 /* Release */ = {
			isa = XCBuildConfiguration;
			buildSettings = {
				BUNDLE_LOADER = "$(TEST_HOST)";
				FRAMEWORK_SEARCH_PATHS = (
					"$(SDKROOT)/Developer/Library/Frameworks",
					"$(inherited)",
				);
				INFOPLIST_FILE = AboutUITests/Info.plist;
				LD_RUNPATH_SEARCH_PATHS = "$(inherited) @executable_path/Frameworks @loader_path/Frameworks";
				PRODUCT_NAME = "$(TARGET_NAME)";
				TEST_HOST = "$(BUILT_PRODUCTS_DIR)/AboutUI.app/AboutUI";
			};
			name = Release;
		};
/* End XCBuildConfiguration section */

/* Begin XCConfigurationList section */
		3B3815E11AE8C73B0004C306 /* Build configuration list for PBXProject "AboutUI" */ = {
			isa = XCConfigurationList;
			buildConfigurations = (
				3B3816071AE8C73B0004C306 /* Debug */,
				3B3816081AE8C73B0004C306 /* Release */,
			);
			defaultConfigurationIsVisible = 0;
			defaultConfigurationName = Release;
		};
		3B3816091AE8C73B0004C306 /* Build configuration list for PBXNativeTarget "AboutUI" */ = {
			isa = XCConfigurationList;
			buildConfigurations = (
				3B38160A1AE8C73B0004C306 /* Debug */,
				3B38160B1AE8C73B0004C306 /* Release */,
			);
			defaultConfigurationIsVisible = 0;
			defaultConfigurationName = Release;
		};
		3B38160C1AE8C73B0004C306 /* Build configuration list for PBXNativeTarget "AboutUITests" */ = {
			isa = XCConfigurationList;
			buildConfigurations = (
				3B38160D1AE8C73B0004C306 /* Debug */,
				3B38160E1AE8C73B0004C306 /* Release */,
			);
			defaultConfigurationIsVisible = 0;
			defaultConfigurationName = Release;
		};
/* End XCConfigurationList section */
	};
	rootObject = 3B3815DE1AE8C73B0004C306 /* Project object */;
}
